
Microsoft Visual Studio Solution File, Format Version 12.00
# Visual Studio 2012
Project("{CC5FD16D-436D-48AD-A40C-5A424C6E3E79}") = "NotepadService", "WindowsAzure1\NotepadService.ccproj", "{DA9E22E8-E5E0-4EE4-8D4E-1626F4886855}"
EndProject
Project("{FAE04EC0-301F-11D3-BF4B-00C04F79EFBC}") = "NotepadServiceRole", "NotepadServiceRole\NotepadServiceRole.csproj", "{8A1FE16A-18B2-40BD-ADA2-0ECBA5F7A4B3}"
EndProject
Global
	GlobalSection(SolutionConfigurationPlatforms) = preSolution
		Debug|Any CPU = Debug|Any CPU
		Release|Any CPU = Release|Any CPU
	EndGlobalSection
	GlobalSection(ProjectConfigurationPlatforms) = postSolution
		{DA9E22E8-E5E0-4EE4-8D4E-1626F4886855}.Debug|Any CPU.ActiveCfg = Debug|Any CPU
		{DA9E22E8-E5E0-4EE4-8D4E-1626F4886855}.Debug|Any CPU.Build.0 = Debug|Any CPU
		{DA9E22E8-E5E0-4EE4-8D4E-1626F4886855}.Release|Any CPU.ActiveCfg = Release|Any CPU
		{DA9E22E8-E5E0-4EE4-8D4E-1626F4886855}.Release|Any CPU.Build.0 = Release|Any CPU
		{8A1FE16A-18B2-40BD-ADA2-0ECBA5F7A4B3}.Debug|Any CPU.ActiveCfg = Debug|Any CPU
		{8A1FE16A-18B2-40BD-ADA2-0ECBA5F7A4B3}.Debug|Any CPU.Build.0 = Debug|Any CPU
		{8A1FE16A-18B2-40BD-ADA2-0ECBA5F7A4B3}.Release|Any CPU.ActiveCfg = Release|Any CPU
		{8A1FE16A-18B2-40BD-ADA2-0ECBA5F7A4B3}.Release|Any CPU.Build.0 = Release|Any CPU
	EndGlobalSection
	GlobalSection(SolutionProperties) = preSolution
		HideSolutionNode = FALSE
	EndGlobalSection
EndGlobal
